
Microsoft Visual Studio Solution File, Format Version 12.00
# Visual Studio Version 16
VisualStudioVersion = 16.0.30011.22
MinimumVisualStudioVersion = 10.0.40219.1
Project("{9A19103F-16F7-4668-BE54-9A1E7A4F7556}") = "EpidemicTracker", "EpidemicTracker\EpidemicTracker.csproj", "{1DDCA085-1419-4B68-AA97-352BB6792FEB}"
EndProject
Project("{9A19103F-16F7-4668-BE54-9A1E7A4F7556}") = "EpidemicTracker.Data", "TrackerApp\EpidemicTracker.Data.csproj", "{6D1205F5-A45A-4614-98F7-83796DD34EA6}"
EndProject
Global
	GlobalSection(SolutionConfigurationPlatforms) = preSolution
		Debug|Any CPU = Debug|Any CPU
		Release|Any CPU = Release|Any CPU
	EndGlobalSection
	GlobalSection(ProjectConfigurationPlatforms) = postSolution
		{1DDCA085-1419-4B68-AA97-352BB6792FEB}.Debug|Any CPU.ActiveCfg = Debug|Any CPU
		{1DDCA085-1419-4B68-AA97-352BB6792FEB}.Debug|Any CPU.Build.0 = Debug|Any CPU
		{1DDCA085-1419-4B68-AA97-352BB6792FEB}.Release|Any CPU.ActiveCfg = Release|Any CPU
		{1DDCA085-1419-4B68-AA97-352BB6792FEB}.Release|Any CPU.Build.0 = Release|Any CPU
		{6D1205F5-A45A-4614-98F7-83796DD34EA6}.Debug|Any CPU.ActiveCfg = Debug|Any CPU
		{6D1205F5-A45A-4614-98F7-83796DD34EA6}.Debug|Any CPU.Build.0 = Debug|Any CPU
		{6D1205F5-A45A-4614-98F7-83796DD34EA6}.Release|Any CPU.ActiveCfg = Release|Any CPU
		{6D1205F5-A45A-4614-98F7-83796DD34EA6}.Release|Any CPU.Build.0 = Release|Any CPU
	EndGlobalSection
	GlobalSection(SolutionProperties) = preSolution
		HideSolutionNode = FALSE
	EndGlobalSection
	GlobalSection(ExtensibilityGlobals) = postSolution
		SolutionGuid = {322D4FAC-2CC6-4110-94E8-09B69A2B5EF5}
	EndGlobalSection
EndGlobal
